Microsoft Visual Studio Solution File, Format Version 12.00
# Visual Studio Version 17
VisualStudioVersion = 17.5.2.0
MinimumVisualStudioVersion = 10.0.40219.1
Project("{FAE04EC0-301F-11D3-BF4B-00C04F79EFBC}") = "e-tour-api", "e-tour-api\e-tour-api.csproj", "{8E88942D-14DB-4F13-243F-06BF0E353636}"
EndProject
Project("{FAE04EC0-301F-11D3-BF4B-00C04F79EFBC}") = "TempHashProject", "TempHashProject\TempHashProject.csproj", "{D1AC19E7-8CF9-F863-F026-A5889A14E19D}"
EndProject
Global
	GlobalSection(SolutionConfigurationPlatforms) = preSolution
		Debug|Any CPU = Debug|Any CPU
		Release|Any CPU = Release|Any CPU
	EndGlobalSection
	GlobalSection(ProjectConfigurationPlatforms) = postSolution
		{8E88942D-14DB-4F13-243F-06BF0E353636}.Debug|Any CPU.ActiveCfg = Debug|Any CPU
		{8E88942D-14DB-4F13-243F-06BF0E353636}.Debug|Any CPU.Build.0 = Debug|Any CPU
		{8E88942D-14DB-4F13-243F-06BF0E353636}.Release|Any CPU.ActiveCfg = Release|Any CPU
		{8E88942D-14DB-4F13-243F-06BF0E353636}.Release|Any CPU.Build.0 = Release|Any CPU
		{D1AC19E7-8CF9-F863-F026-A5889A14E19D}.Debug|Any CPU.ActiveCfg = Debug|Any CPU
		{D1AC19E7-8CF9-F863-F026-A5889A14E19D}.Debug|Any CPU.Build.0 = Debug|Any CPU
		{D1AC19E7-8CF9-F863-F026-A5889A14E19D}.Release|Any CPU.ActiveCfg = Release|Any CPU
		{D1AC19E7-8CF9-F863-F026-A5889A14E19D}.Release|Any CPU.Build.0 = Release|Any CPU
	EndGlobalSection
	GlobalSection(SolutionProperties) = preSolution
		HideSolutionNode = FALSE
	EndGlobalSection
	GlobalSection(ExtensibilityGlobals) = postSolution
		SolutionGuid = {3B501A2E-7D2A-4881-A25E-6194CAF6D0AF}
	EndGlobalSection
EndGlobal
